
Microsoft Visual Studio Solution File, Format Version 12.00
# Visual Studio 14
VisualStudioVersion = 14.0.23107.0
MinimumVisualStudioVersion = 10.0.40219.1
Project("{FAE04EC0-301F-11D3-BF4B-00C04F79EFBC}") = "HelloWorld", "HelloWorld\HelloWorld.csproj", "{34EB9211-7E93-4C91-8E73-BDFC9798570B}"
EndProject
Project("{FAE04EC0-301F-11D3-BF4B-00C04F79EFBC}") = "HelloWorld.Interfaces", "HelloWorld.Interfaces\HelloWorld.Interfaces.csproj", "{9B22BC89-2898-432C-8DF8-B92DEB8830D3}"
EndProject
Global
	GlobalSection(SolutionConfigurationPlatforms) = preSolution
		Debug|Any CPU = Debug|Any CPU
		Release|Any CPU = Release|Any CPU
	EndGlobalSection
	GlobalSection(ProjectConfigurationPlatforms) = postSolution
		{34EB9211-7E93-4C91-8E73-BDFC9798570B}.Debug|Any CPU.ActiveCfg = Debug|Any CPU
		{34EB9211-7E93-4C91-8E73-BDFC9798570B}.Debug|Any CPU.Build.0 = Debug|Any CPU
		{34EB9211-7E93-4C91-8E73-BDFC9798570B}.Release|Any CPU.ActiveCfg = Release|Any CPU
		{34EB9211-7E93-4C91-8E73-BDFC9798570B}.Release|Any CPU.Build.0 = Release|Any CPU
		{9B22BC89-2898-432C-8DF8-B92DEB8830D3}.Debug|Any CPU.ActiveCfg = Debug|Any CPU
		{9B22BC89-2898-432C-8DF8-B92DEB8830D3}.Debug|Any CPU.Build.0 = Debug|Any CPU
		{9B22BC89-2898-432C-8DF8-B92DEB8830D3}.Release|Any CPU.ActiveCfg = Release|Any CPU
		{9B22BC89-2898-432C-8DF8-B92DEB8830D3}.Release|Any CPU.Build.0 = Release|Any CPU
	EndGlobalSection
	GlobalSection(SolutionProperties) = preSolution
		HideSolutionNode = FALSE
	EndGlobalSection
EndGlobal
